
Microsoft Visual Studio Solution File, Format Version 12.00
# Visual Studio Version 16
VisualStudioVersion = 16.0.31727.386
MinimumVisualStudioVersion = 10.0.40219.1
Project("{FAE04EC0-301F-11D3-BF4B-00C04F79EFBC}") = "Parser", "Parser.csproj", "{3C2B5056-2AC8-4D6C-B8DF-8D2425B9D85F}"
EndProject
Global
	GlobalSection(SolutionConfigurationPlatforms) = preSolution
		Debug|Any CPU = Debug|Any CPU
		Release|Any CPU = Release|Any CPU
	EndGlobalSection
	GlobalSection(ProjectConfigurationPlatforms) = postSolution
		{3C2B5056-2AC8-4D6C-B8DF-8D2425B9D85F}.Debug|Any CPU.ActiveCfg = Debug|Any CPU
		{3C2B5056-2AC8-4D6C-B8DF-8D2425B9D85F}.Debug|Any CPU.Build.0 = Debug|Any CPU
		{3C2B5056-2AC8-4D6C-B8DF-8D2425B9D85F}.Release|Any CPU.ActiveCfg = Release|Any CPU
		{3C2B5056-2AC8-4D6C-B8DF-8D2425B9D85F}.Release|Any CPU.Build.0 = Release|Any CPU
	EndGlobalSection
	GlobalSection(SolutionProperties) = preSolution
		HideSolutionNode = FALSE
	EndGlobalSection
	GlobalSection(ExtensibilityGlobals) = postSolution
		SolutionGuid = {FE9A8F95-B2F0-4249-960F-ACA5621194B1}
	EndGlobalSection
EndGlobal
